// !$*UTF8*$!
{
	archiveVersion = 1;
	classes = {
	};
	objectVersion = 46;
	objects = {

/* Begin PBXBuildFile section */
		98AA19E61F678D5C005F99EB /* MMZCViewController.m in Sources */ = {isa = PBXBuildFile; fileRef = 98AA19E51F678D5C005F99EB /* MMZCViewController.m */; };
		98AA19E81F67AF78005F99EB /* 4.gif in Resources */ = {isa = PBXBuildFile; fileRef = 98AA19E71F67AF78005F99EB /* 4.gif */; };
		98D0A6EA1F6774A500BDA4FA /* main.m in Sources */ = {isa = PBXBuildFile; fileRef = 98D0A6E91F6774A500BDA4FA /* main.m */; };
		98D0A6ED1F6774A500BDA4FA /* AppDelegate.m in Sources */ = {isa = PBXBuildFile; fileRef = 98D0A6EC1F6774A500BDA4FA /* AppDelegate.m */; };
		98D0A6F31F6774A500BDA4FA /* Main.storyboard in Resources */ = {isa = PBXBuildFile; fileRef = 98D0A6F11F6774A500BDA4FA /* Main.storyboard */; };
		98D0A6F51F6774A500BDA4FA /* Assets.xcassets in Resources */ = {isa = PBXBuildFile; fileRef = 98D0A6F41F6774A500BDA4FA /* Assets.xcassets */; };
		98D0A6F81F6774A500BDA4FA /* LaunchScreen.storyboard in Resources */ = {isa = PBXBuildFile; fileRef = 98D0A6F61F6774A500BDA4FA /* LaunchScreen.storyboard */; };
		98D0A7011F6785C100BDA4FA /* TKPhoneTextField.m in Sources */ = {isa = PBXBuildFile; fileRef = 98D0A7001F6785C100BDA4FA /* TKPhoneTextField.m */; };
/* End PBXBuildFile section */

/* Begin PBXFileReference section */
		98AA19E41F678D5C005F99EB /* MMZCViewController.h */ = {isa = PBXFileReference; fileEncoding = 4; lastKnownFileType = sourcecode.c.h; path = MMZCViewController.h; sourceTree = "<group>"; };
		98AA19E51F678D5C005F99EB /* MMZCViewController.m */ = {isa = PBXFileReference; fileEncoding = 4; lastKnownFileType = sourcecode.c.objc; path = MMZCViewController.m; sourceTree = "<group>"; };
		98AA19E71F67AF78005F99EB /* 4.gif */ = {isa = PBXFileReference; lastKnownFileType = image.gif; path = 4.gif; sourceTree = "<group>"; };
		98D0A6E51F6774A500BDA4FA /* TKPhoneformat.app */ = {isa = PBXFileReference; explicitFileType = wrapper.application; includeInIndex = 0; path = TKPhoneformat.app; sourceTree = BUILT_PRODUCTS_DIR; };
		98D0A6E91F6774A500BDA4FA /* main.m */ = {isa = PBXFileReference; lastKnownFileType = sourcecode.c.objc; path = main.m; sourceTree = "<group>"; };
		98D0A6EB1F6774A500BDA4FA /* AppDelegate.h */ = {isa = PBXFileReference; lastKnownFileType = sourcecode.c.h; path = AppDelegate.h; sourceTree = "<group>"; };
		98D0A6EC1F6774A500BDA4FA /* AppDelegate.m */ = {isa = PBXFileReference; lastKnownFileType = sourcecode.c.objc; path = AppDelegate.m; sourceTree = "<group>"; };
		98D0A6F21F6774A500BDA4FA /* Base */ = {isa = PBXFileReference; lastKnownFileType = file.storyboard; name = Base; path = Base.lproj/Main.storyboard; sourceTree = "<group>"; };
		98D0A6F41F6774A500BDA4FA /* Assets.xcassets */ = {isa = PBXFileReference; lastKnownFileType = folder.assetcatalog; path = Assets.xcassets; sourceTree = "<group>"; };
		98D0A6F71F6774A500BDA4FA /* Base */ = {isa = PBXFileReference; lastKnownFileType = file.storyboard; name = Base; path = Base.lproj/LaunchScreen.storyboard; sourceTree = "<group>"; };
		98D0A6F91F6774A500BDA4FA /* Info.plist */ = {isa = PBXFileReference; lastKnownFileType = text.plist.xml; path = Info.plist; sourceTree = "<group>"; };
		98D0A6FF1F6785C100BDA4FA /* TKPhoneTextField.h */ = {isa = PBXFileReference; fileEncoding = 4; lastKnownFileType = sourcecode.c.h; path = TKPhoneTextField.h; sourceTree = "<group>"; };
		98D0A7001F6785C100BDA4FA /* TKPhoneTextField.m */ = {isa = PBXFileReference; fileEncoding = 4; lastKnownFileType = sourcecode.c.objc; path = TKPhoneTextField.m; sourceTree = "<group>"; };
/* End PBXFileReference section */

/* Begin PBXFrameworksBuildPhase section */
		98D0A6E21F6774A500BDA4FA /* Frameworks */ = {
			isa = PBXFrameworksBuildPhase;
			buildActionMask = 2147483647;
			files = (
			);
			runOnlyForDeploymentPostprocessing = 0;
		};
/* End PBXFrameworksBuildPhase section */

/* Begin PBXGroup section */
		98D0A6DC1F6774A400BDA4FA = {
			isa = PBXGroup;
			children = (
				98D0A6E71F6774A500BDA4FA /* TKPhoneformat */,
				98D0A6E61F6774A500BDA4FA /* Products */,
			);
			sourceTree = "<group>";
		};
		98D0A6E61F6774A500BDA4FA /* Products */ = {
			isa = PBXGroup;
			children = (
				98D0A6E51F6774A500BDA4FA /* TKPhoneformat.app */,
			);
			name = Products;
			sourceTree = "<group>";
		};
		98D0A6E71F6774A500BDA4FA /* TKPhoneformat */ = {
			isa = PBXGroup;
			children = (
				98D0A6EB1F6774A500BDA4FA /* AppDelegate.h */,
				98D0A6EC1F6774A500BDA4FA /* AppDelegate.m */,
				98D0A6FF1F6785C100BDA4FA /* TKPhoneTextField.h */,
				98D0A7001F6785C100BDA4FA /* TKPhoneTextField.m */,
				98AA19E41F678D5C005F99EB /* MMZCViewController.h */,
				98AA19E51F678D5C005F99EB /* MMZCViewController.m */,
				98D0A6F11F6774A500BDA4FA /* Main.storyboard */,
				98D0A6F41F6774A500BDA4FA /* Assets.xcassets */,
				98D0A6F61F6774A500BDA4FA /* LaunchScreen.storyboard */,
				98D0A6F91F6774A500BDA4FA /* Info.plist */,
				98D0A6E81F6774A500BDA4FA /* Supporting Files */,
			);
			path = TKPhoneformat;
			sourceTree = "<group>";
		};
		98D0A6E81F6774A500BDA4FA /* Supporting Files */ = {
			isa = PBXGroup;
			children = (
				98AA19E71F67AF78005F99EB /* 4.gif */,
				98D0A6E91F6774A500BDA4FA /* main.m */,
			);
			name = "Supporting Files";
			sourceTree = "<group>";
		};
/* End PBXGroup section */

/* Begin PBXNativeTarget section */
		98D0A6E41F6774A500BDA4FA /* TKPhoneformat */ = {
			isa = PBXNativeTarget;
			buildConfigurationList = 98D0A6FC1F6774A500BDA4FA /* Build configuration list for PBXNativeTarget "TKPhoneformat" */;
			buildPhases = (
				98D0A6E11F6774A500BDA4FA /* Sources */,
				98D0A6E21F6774A500BDA4FA /* Frameworks */,
				98D0A6E31F6774A500BDA4FA /* Resources */,
			);
			buildRules = (
			);
			dependencies = (
			);
			name = TKPhoneformat;
			productName = TKPhoneformat;
			productReference = 98D0A6E51F6774A500BDA4FA /* TKPhoneformat.app */;
			productType = "com.apple.product-type.application";
		};
/* End PBXNativeTarget section */

/* Begin PBXProject section */
		98D0A6DD1F6774A400BDA4FA /* Project object */ = {
			isa = PBXProject;
			attributes = {
				LastUpgradeCheck = 0830;
				ORGANIZATIONNAME = kangshifu;
				TargetAttributes = {
					98D0A6E41F6774A500BDA4FA = {
						CreatedOnToolsVersion = 8.3.3;
						ProvisioningStyle = Automatic;
					};
				};
			};
			buildConfigurationList = 98D0A6E01F6774A500BDA4FA /* Build configuration list for PBXProject "TKPhoneformat" */;
			compatibilityVersion = "Xcode 3.2";
			developmentRegion = English;
			hasScannedForEncodings = 0;
			knownRegions = (
				en,
				Base,
			);
			mainGroup = 98D0A6DC1F6774A400BDA4FA;
			productRefGroup = 98D0A6E61F6774A500BDA4FA /* Products */;
			projectDirPath = "";
			projectRoot = "";
			targets = (
				98D0A6E41F6774A500BDA4FA /* TKPhoneformat */,
			);
		};
/* End PBXProject section */

/* Begin PBXResourcesBuildPhase section */
		98D0A6E31F6774A500BDA4FA /* Resources */ = {
			isa = PBXResourcesBuildPhase;
			buildActionMask = 2147483647;
			files = (
				98D0A6F81F6774A500BDA4FA /* LaunchScreen.storyboard in Resources */,
				98AA19E81F67AF78005F99EB /* 4.gif in Resources */,
				98D0A6F51F6774A500BDA4FA /* Assets.xcassets in Resources */,
				98D0A6F31F6774A500BDA4FA /* Main.storyboard in Resources */,
			);
			runOnlyForDeploymentPostprocessing = 0;
		};
/* End PBXResourcesBuildPhase section */

/* Begin PBXSourcesBuildPhase section */
		98D0A6E11F6774A500BDA4FA /* Sources */ = {
			isa = PBXSourcesBuildPhase;
			buildActionMask = 2147483647;
			files = (
				98AA19E61F678D5C005F99EB /* MMZCViewController.m in Sources */,
				98D0A6ED1F6774A500BDA4FA /* AppDelegate.m in Sources */,
				98D0A7011F6785C100BDA4FA /* TKPhoneTextField.m in Sources */,
				98D0A6EA1F6774A500BDA4FA /* main.m in Sources */,
			);
			runOnlyForDeploymentPostprocessing = 0;
		};
/* End PBXSourcesBuildPhase section */

/* Begin PBXVariantGroup section */
		98D0A6F11F6774A500BDA4FA /* Main.storyboard */ = {
			isa = PBXVariantGroup;
			children = (
				98D0A6F21F6774A500BDA4FA /* Base */,
			);
			name = Main.storyboard;
			sourceTree = "<group>";
		};
		98D0A6F61F6774A500BDA4FA /* LaunchScreen.storyboard */ = {
			isa = PBXVariantGroup;
			children = (
				98D0A6F71F6774A500BDA4FA /* Base */,
			);
			name = LaunchScreen.storyboard;
			sourceTree = "<group>";
		};
/* End PBXVariantGroup section */

/* Begin XCBuildConfiguration section */
		98D0A6FA1F6774A500BDA4FA /* Debug */ = {
			isa = XCBuildConfiguration;
			buildSettings = {
				ALWAYS_SEARCH_USER_PATHS = NO;
				CLANG_ANALYZER_NONNULL = YES;
				CLANG_ANALYZER_NUMBER_OBJECT_CONVERSION = YES_AGGRESSIVE;
				CLANG_CXX_LANGUAGE_STANDARD = "gnu++0x";
				CLANG_CXX_LIBRARY = "libc++";
				CLANG_ENABLE_MODULES = YES;
				CLANG_ENABLE_OBJC_ARC = YES;
				CLANG_WARN_BOOL_CONVERSION = YES;
				CLANG_WARN_CONSTANT_CONVERSION = YES;
				CLANG_WARN_DIRECT_OBJC_ISA_USAGE = YES_ERROR;
				CLANG_WARN_DOCUMENTATION_COMMENTS = YES;
				CLANG_WARN_EMPTY_BODY = YES;
				CLANG_WARN_ENUM_CONVERSION = YES;
				CLANG_WARN_INFINITE_RECURSION = YES;
				CLANG_WARN_INT_CONVERSION = YES;
				CLANG_WARN_OBJC_ROOT_CLASS = YES_ERROR;
				CLANG_WARN_SUSPICIOUS_MOVE = YES;
				CLANG_WARN_UNREACHABLE_CODE = YES;
				CLANG_WARN__DUPLICATE_METHOD_MATCH = YES;
				"CODE_SIGN_IDENTITY[sdk=iphoneos*]" = "iPhone Developer";
				COPY_PHASE_STRIP = NO;
				DEBUG_INFORMATION_FORMAT = dwarf;
				ENABLE_STRICT_OBJC_MSGSEND = YES;
				ENABLE_TESTABILITY = YES;
				GCC_C_LANGUAGE_STANDARD = gnu99;
				GCC_DYNAMIC_NO_PIC = NO;
				GCC_NO_COMMON_BLOCKS = YES;
				GCC_OPTIMIZATION_LEVEL = 0;
				GCC_PREPROCESSOR_DEFINITIONS = (
					"DEBUG=1",
					"$(inherited)",
				);
				GCC_WARN_64_TO_32_BIT_CONVERSION = YES;
				GCC_WARN_ABOUT_RETURN_TYPE = YES_ERROR;
				GCC_WARN_UNDECLARED_SELECTOR = YES;
				GCC_WARN_UNINITIALIZED_AUTOS = YES_AGGRESSIVE;
				GCC_WARN_UNUSED_FUNCTION = YES;
				GCC_WARN_UNUSED_VARIABLE = YES;
				IPHONEOS_DEPLOYMENT_TARGET = 10.3;
				MTL_ENABLE_DEBUG_INFO = YES;
				ONLY_ACTIVE_ARCH = YES;
				SDKROOT = iphoneos;
				TARGETED_DEVICE_FAMILY = "1,2";
			};
			name = Debug;
		};
		98D0A6FB1F6774A500BDA4FA /* Release */ = {
			isa = XCBuildConfiguration;
			buildSettings = {
				ALWAYS_SEARCH_USER_PATHS = NO;
				CLANG_ANALYZER_NONNULL = YES;
				CLANG_ANALYZER_NUMBER_OBJECT_CONVERSION = YES_AGGRESSIVE;
				CLANG_CXX_LANGUAGE_STANDARD = "gnu++0x";
				CLANG_CXX_LIBRARY = "libc++";
				CLANG_ENABLE_MODULES = YES;
				CLANG_ENABLE_OBJC_ARC = YES;
				CLANG_WARN_BOOL_CONVERSION = YES;
				CLANG_WARN_CONSTANT_CONVERSION = YES;
				CLANG_WARN_DIRECT_OBJC_ISA_USAGE = YES_ERROR;
				CLANG_WARN_DOCUMENTATION_COMMENTS = YES;
				CLANG_WARN_EMPTY_BODY = YES;
				CLANG_WARN_ENUM_CONVERSION = YES;
				CLANG_WARN_INFINITE_RECURSION = YES;
				CLANG_WARN_INT_CONVERSION = YES;
				CLANG_WARN_OBJC_ROOT_CLASS = YES_ERROR;
				CLANG_WARN_SUSPICIOUS_MOVE = YES;
				CLANG_WARN_UNREACHABLE_CODE = YES;
				CLANG_WARN__DUPLICATE_METHOD_MATCH = YES;
				"CODE_SIGN_IDENTITY[sdk=iphoneos*]" = "iPhone Developer";
				COPY_PHASE_STRIP = NO;
				DEBUG_INFORMATION_FORMAT = "dwarf-with-dsym";
				ENABLE_NS_ASSERTIONS = NO;
				ENABLE_STRICT_OBJC_MSGSEND = YES;
				GCC_C_LANGUAGE_STANDARD = gnu99;
				GCC_NO_COMMON_BLOCKS = YES;
				GCC_WARN_64_TO_32_BIT_CONVERSION = YES;
				GCC_WARN_ABOUT_RETURN_TYPE = YES_ERROR;
				GCC_WARN_UNDECLARED_SELECTOR = YES;
				GCC_WARN_UNINITIALIZED_AUTOS = YES_AGGRESSIVE;
				GCC_WARN_UNUSED_FUNCTION = YES;
				GCC_WARN_UNUSED_VARIABLE = YES;
				IPHONEOS_DEPLOYMENT_TARGET = 10.3;
				MTL_ENABLE_DEBUG_INFO = NO;
				SDKROOT = iphoneos;
				TARGETED_DEVICE_FAMILY = "1,2";
				VALIDATE_PRODUCT = YES;
			};
			name = Release;
		};
		98D0A6FD1F6774A500BDA4FA /* Debug */ = {
			isa = XCBuildConfiguration;
			buildSettings = {
				ASSETCATALOG_COMPILER_APPICON_NAME = AppIcon;
				INFOPLIST_FILE = TKPhoneformat/Info.plist;
				IPHONEOS_DEPLOYMENT_TARGET = 8.0;
				LD_RUNPATH_SEARCH_PATHS = "$(inherited) @executable_path/Frameworks";
				PRODUCT_BUNDLE_IDENTIFIER = com.tk.TKPhoneformat;
				PRODUCT_NAME = "$(TARGET_NAME)";
			};
			name = Debug;
		};
		98D0A6FE1F6774A500BDA4FA /* Release */ = {
			isa = XCBuildConfiguration;
			buildSettings = {
				ASSETCATALOG_COMPILER_APPICON_NAME = AppIcon;
				INFOPLIST_FILE = TKPhoneformat/Info.plist;
				IPHONEOS_DEPLOYMENT_TARGET = 8.0;
				LD_RUNPATH_SEARCH_PATHS = "$(inherited) @executable_path/Frameworks";
				PRODUCT_BUNDLE_IDENTIFIER = com.tk.TKPhoneformat;
				PRODUCT_NAME = "$(TARGET_NAME)";
			};
			name = Release;
		};
/* End XCBuildConfiguration section */

/* Begin XCConfigurationList section */
		98D0A6E01F6774A500BDA4FA /* Build configuration list for PBXProject "TKPhoneformat" */ = {
			isa = XCConfigurationList;
			buildConfigurations = (
				98D0A6FA1F6774A500BDA4FA /* Debug */,
				98D0A6FB1F6774A500BDA4FA /* Release */,
			);
			defaultConfigurationIsVisible = 0;
			defaultConfigurationName = Release;
		};
		98D0A6FC1F6774A500BDA4FA /* Build configuration list for PBXNativeTarget "TKPhoneformat" */ = {
			isa = XCConfigurationList;
			buildConfigurations = (
				98D0A6FD1F6774A500BDA4FA /* Debug */,
				98D0A6FE1F6774A500BDA4FA /* Release */,
			);
			defaultConfigurationIsVisible = 0;
			defaultConfigurationName = Release;
		};
/* End XCConfigurationList section */
	};
	rootObject = 98D0A6DD1F6774A400BDA4FA /* Project object */;
}
